
Microsoft Visual Studio Solution File, Format Version 12.00
# Visual Studio 15
VisualStudioVersion = 15.0.28307.271
MinimumVisualStudioVersion = 10.0.40219.1
Project("{FAE04EC0-301F-11D3-BF4B-00C04F79EFBC}") = "EmailToJira", "EmailToJira\EmailToJira.csproj", "{5043D073-4A3C-4298-9989-ED33C1278782}"
EndProject
Global
	GlobalSection(SolutionConfigurationPlatforms) = preSolution
		Debug|Any CPU = Debug|Any CPU
		Debug|x86 = Debug|x86
		Release|Any CPU = Release|Any CPU
		Release|x86 = Release|x86
	EndGlobalSection
	GlobalSection(ProjectConfigurationPlatforms) = postSolution
		{5043D073-4A3C-4298-9989-ED33C1278782}.Debug|Any CPU.ActiveCfg = Debug|Any CPU
		{5043D073-4A3C-4298-9989-ED33C1278782}.Debug|Any CPU.Build.0 = Debug|Any CPU
		{5043D073-4A3C-4298-9989-ED33C1278782}.Debug|x86.ActiveCfg = Debug|Any CPU
		{5043D073-4A3C-4298-9989-ED33C1278782}.Debug|x86.Build.0 = Debug|Any CPU
		{5043D073-4A3C-4298-9989-ED33C1278782}.Release|Any CPU.ActiveCfg = Release|Any CPU
		{5043D073-4A3C-4298-9989-ED33C1278782}.Release|Any CPU.Build.0 = Release|Any CPU
		{5043D073-4A3C-4298-9989-ED33C1278782}.Release|x86.ActiveCfg = Release|Any CPU
		{5043D073-4A3C-4298-9989-ED33C1278782}.Release|x86.Build.0 = Release|Any CPU
	EndGlobalSection
	GlobalSection(SolutionProperties) = preSolution
		HideSolutionNode = FALSE
	EndGlobalSection
	GlobalSection(ExtensibilityGlobals) = postSolution
		SolutionGuid = {FE8D4EBA-D096-498A-87CA-3D23BCE6AA80}
	EndGlobalSection
EndGlobal
